
Microsoft Visual Studio Solution File, Format Version 12.00
# Visual Studio Version 17
VisualStudioVersion = 17.14.36811.4 d17.14
MinimumVisualStudioVersion = 10.0.40219.1
Project("{FAE04EC0-301F-11D3-BF4B-00C04F79EFBC}") = "StandUpReminder", "StandUpReminder.csproj", "{532F8DDF-5A0C-A9A6-0806-E1BE9C08C6F1}"
EndProject
Global
	GlobalSection(SolutionConfigurationPlatforms) = preSolution
		Debug|Any CPU = Debug|Any CPU
		Release|Any CPU = Release|Any CPU
	EndGlobalSection
	GlobalSection(ProjectConfigurationPlatforms) = postSolution
		{532F8DDF-5A0C-A9A6-0806-E1BE9C08C6F1}.Debug|Any CPU.ActiveCfg = Debug|Any CPU
		{532F8DDF-5A0C-A9A6-0806-E1BE9C08C6F1}.Debug|Any CPU.Build.0 = Debug|Any CPU
		{532F8DDF-5A0C-A9A6-0806-E1BE9C08C6F1}.Release|Any CPU.ActiveCfg = Release|Any CPU
		{532F8DDF-5A0C-A9A6-0806-E1BE9C08C6F1}.Release|Any CPU.Build.0 = Release|Any CPU
	EndGlobalSection
	GlobalSection(SolutionProperties) = preSolution
		HideSolutionNode = FALSE
	EndGlobalSection
	GlobalSection(ExtensibilityGlobals) = postSolution
		SolutionGuid = {48FBF839-1FC7-447A-BADF-FD386D0A20F4}
	EndGlobalSection
EndGlobal
